
Microsoft Visual Studio Solution File, Format Version 12.00
# Visual Studio Version 17
VisualStudioVersion = 17.5.33516.290
MinimumVisualStudioVersion = 10.0.40219.1
Project("{FAE04EC0-301F-11D3-BF4B-00C04F79EFBC}") = "SoulsChallengeApp", "SoulsChallengeApp\SoulsChallengeApp.csproj", "{1B1F5472-78D4-4A2C-8D09-8403B863D0C2}"
EndProject
Global
	GlobalSection(SolutionConfigurationPlatforms) = preSolution
		Debug|Any CPU = Debug|Any CPU
		Release|Any CPU = Release|Any CPU
	EndGlobalSection
	GlobalSection(ProjectConfigurationPlatforms) = postSolution
		{1B1F5472-78D4-4A2C-8D09-8403B863D0C2}.Debug|Any CPU.ActiveCfg = Debug|Any CPU
		{1B1F5472-78D4-4A2C-8D09-8403B863D0C2}.Debug|Any CPU.Build.0 = Debug|Any CPU
		{1B1F5472-78D4-4A2C-8D09-8403B863D0C2}.Release|Any CPU.ActiveCfg = Release|Any CPU
		{1B1F5472-78D4-4A2C-8D09-8403B863D0C2}.Release|Any CPU.Build.0 = Release|Any CPU
	EndGlobalSection
	GlobalSection(SolutionProperties) = preSolution
		HideSolutionNode = FALSE
	EndGlobalSection
	GlobalSection(ExtensibilityGlobals) = postSolution
		SolutionGuid = {2C952384-3B18-441F-BEE3-95464E23C63A}
	EndGlobalSection
EndGlobal
